
Microsoft Visual Studio Solution File, Format Version 12.00
# Visual Studio Version 16
VisualStudioVersion = 16.0.30608.117
MinimumVisualStudioVersion = 10.0.40219.1
Project("{FAE04EC0-301F-11D3-BF4B-00C04F79EFBC}") = "Wavy.SMS.SDK", "Wavy.SMS.SDK\Wavy.SMS.SDK.csproj", "{7D028A8C-53F1-40FF-8765-77CEEC992512}"
EndProject
Global
	GlobalSection(SolutionConfigurationPlatforms) = preSolution
		Debug|Any CPU = Debug|Any CPU
		Release|Any CPU = Release|Any CPU
	EndGlobalSection
	GlobalSection(ProjectConfigurationPlatforms) = postSolution
		{7D028A8C-53F1-40FF-8765-77CEEC992512}.Debug|Any CPU.ActiveCfg = Debug|Any CPU
		{7D028A8C-53F1-40FF-8765-77CEEC992512}.Debug|Any CPU.Build.0 = Debug|Any CPU
		{7D028A8C-53F1-40FF-8765-77CEEC992512}.Release|Any CPU.ActiveCfg = Release|Any CPU
		{7D028A8C-53F1-40FF-8765-77CEEC992512}.Release|Any CPU.Build.0 = Release|Any CPU
	EndGlobalSection
	GlobalSection(SolutionProperties) = preSolution
		HideSolutionNode = FALSE
	EndGlobalSection
	GlobalSection(ExtensibilityGlobals) = postSolution
		SolutionGuid = {B0BA23CE-96D3-4E60-9867-32A89F4AA348}
	EndGlobalSection
EndGlobal
